
Microsoft Visual Studio Solution File, Format Version 12.00
# Visual Studio 15
VisualStudioVersion = 15.0.28307.2092
MinimumVisualStudioVersion = 10.0.40219.1
Project("{FAE04EC0-301F-11D3-BF4B-00C04F79EFBC}") = "Employee", "Employee\Employee.csproj", "{034D7947-AD7B-4245-9ECA-DB0562F9532C}"
EndProject
Global
	GlobalSection(SolutionConfigurationPlatforms) = preSolution
		Debug|Any CPU = Debug|Any CPU
		Release|Any CPU = Release|Any CPU
	EndGlobalSection
	GlobalSection(ProjectConfigurationPlatforms) = postSolution
		{034D7947-AD7B-4245-9ECA-DB0562F9532C}.Debug|Any CPU.ActiveCfg = Debug|Any CPU
		{034D7947-AD7B-4245-9ECA-DB0562F9532C}.Debug|Any CPU.Build.0 = Debug|Any CPU
		{034D7947-AD7B-4245-9ECA-DB0562F9532C}.Release|Any CPU.ActiveCfg = Release|Any CPU
		{034D7947-AD7B-4245-9ECA-DB0562F9532C}.Release|Any CPU.Build.0 = Release|Any CPU
	EndGlobalSection
	GlobalSection(SolutionProperties) = preSolution
		HideSolutionNode = FALSE
	EndGlobalSection
	GlobalSection(ExtensibilityGlobals) = postSolution
		SolutionGuid = {E3861F77-7C67-453B-96B3-DF6A81435998}
	EndGlobalSection
EndGlobal
